
Microsoft Visual Studio Solution File, Format Version 12.00
# Visual Studio Version 17
VisualStudioVersion = 17.7.34202.233
MinimumVisualStudioVersion = 10.0.40219.1
Project("{FAE04EC0-301F-11D3-BF4B-00C04F79EFBC}") = "VoiceShipControl", "VoiceShipControl\VoiceShipControl.csproj", "{CEFD665F-96B6-44C7-B044-1F4E6395115C}"
EndProject
Global
	GlobalSection(SolutionConfigurationPlatforms) = preSolution
		Debug|Any CPU = Debug|Any CPU
		Release|Any CPU = Release|Any CPU
	EndGlobalSection
	GlobalSection(ProjectConfigurationPlatforms) = postSolution
		{CEFD665F-96B6-44C7-B044-1F4E6395115C}.Debug|Any CPU.ActiveCfg = Debug|Any CPU
		{CEFD665F-96B6-44C7-B044-1F4E6395115C}.Debug|Any CPU.Build.0 = Debug|Any CPU
		{CEFD665F-96B6-44C7-B044-1F4E6395115C}.Release|Any CPU.ActiveCfg = Release|Any CPU
		{CEFD665F-96B6-44C7-B044-1F4E6395115C}.Release|Any CPU.Build.0 = Release|Any CPU
	EndGlobalSection
	GlobalSection(SolutionProperties) = preSolution
		HideSolutionNode = FALSE
	EndGlobalSection
	GlobalSection(ExtensibilityGlobals) = postSolution
		SolutionGuid = {D8B36D54-84F6-42F8-925A-86D9944D4A0C}
	EndGlobalSection
EndGlobal
